<Solution>
  <Folder Name="/Analytics/" />
  <Folder Name="/Analytics/EntityFrameworkCore/" />
  <Folder Name="/Analytics/EntityFrameworkCore/src/">
    <Project Path="Analytics/EntityFrameworkCore/src/Rd.Analytics.EntityFrameworkCore.csproj" />
  </Folder>
  <Folder Name="/Analytics/src/">
    <Project Path="Analytics/src/RD.Analytics.csproj" />
  </Folder>
</Solution>
